
Microsoft Visual Studio Solution File, Format Version 12.00
# Visual Studio Version 17
VisualStudioVersion = 17.0.32112.339
MinimumVisualStudioVersion = 10.0.40219.1
Project("{FAE04EC0-301F-11D3-BF4B-00C04F79EFBC}") = "CSHARP_UNIVERSITY", "CSHARP_UNIVERSITY\CSHARP_UNIVERSITY.csproj", "{01104646-9F81-4B84-B558-7BDFD17F292C}"
EndProject
Global
	GlobalSection(SolutionConfigurationPlatforms) = preSolution
		Debug|Any CPU = Debug|Any CPU
		Release|Any CPU = Release|Any CPU
	EndGlobalSection
	GlobalSection(ProjectConfigurationPlatforms) = postSolution
		{01104646-9F81-4B84-B558-7BDFD17F292C}.Debug|Any CPU.ActiveCfg = Debug|Any CPU
		{01104646-9F81-4B84-B558-7BDFD17F292C}.Debug|Any CPU.Build.0 = Debug|Any CPU
		{01104646-9F81-4B84-B558-7BDFD17F292C}.Release|Any CPU.ActiveCfg = Release|Any CPU
		{01104646-9F81-4B84-B558-7BDFD17F292C}.Release|Any CPU.Build.0 = Release|Any CPU
	EndGlobalSection
	GlobalSection(SolutionProperties) = preSolution
		HideSolutionNode = FALSE
	EndGlobalSection
	GlobalSection(ExtensibilityGlobals) = postSolution
		SolutionGuid = {A87A7820-7E9B-422B-B199-A32CAF5D754E}
	EndGlobalSection
EndGlobal
